
Microsoft Visual Studio Solution File, Format Version 12.00
# Visual Studio Version 17
VisualStudioVersion = 17.11.35431.28
MinimumVisualStudioVersion = 10.0.40219.1
Project("{FAE04EC0-301F-11D3-BF4B-00C04F79EFBC}") = "FirstProject", "FirstProject\FirstProject.csproj", "{B69044FF-3DA3-411D-9035-F1D83B8F2CF5}"
EndProject
Project("{FAE04EC0-301F-11D3-BF4B-00C04F79EFBC}") = "SecondProject", "..\SecondProject\SecondProject.csproj", "{3B4FB1A3-42F7-4AF4-AA56-3B4B758FCC04}"
EndProject
Global
	GlobalSection(SolutionConfigurationPlatforms) = preSolution
		Debug|Any CPU = Debug|Any CPU
		Release|Any CPU = Release|Any CPU
	EndGlobalSection
	GlobalSection(ProjectConfigurationPlatforms) = postSolution
		{B69044FF-3DA3-411D-9035-F1D83B8F2CF5}.Debug|Any CPU.ActiveCfg = Debug|Any CPU
		{B69044FF-3DA3-411D-9035-F1D83B8F2CF5}.Debug|Any CPU.Build.0 = Debug|Any CPU
		{B69044FF-3DA3-411D-9035-F1D83B8F2CF5}.Release|Any CPU.ActiveCfg = Release|Any CPU
		{B69044FF-3DA3-411D-9035-F1D83B8F2CF5}.Release|Any CPU.Build.0 = Release|Any CPU
		{3B4FB1A3-42F7-4AF4-AA56-3B4B758FCC04}.Debug|Any CPU.ActiveCfg = Debug|Any CPU
		{3B4FB1A3-42F7-4AF4-AA56-3B4B758FCC04}.Debug|Any CPU.Build.0 = Debug|Any CPU
		{3B4FB1A3-42F7-4AF4-AA56-3B4B758FCC04}.Release|Any CPU.ActiveCfg = Release|Any CPU
		{3B4FB1A3-42F7-4AF4-AA56-3B4B758FCC04}.Release|Any CPU.Build.0 = Release|Any CPU
	EndGlobalSection
	GlobalSection(SolutionProperties) = preSolution
		HideSolutionNode = FALSE
	EndGlobalSection
	GlobalSection(ExtensibilityGlobals) = postSolution
		SolutionGuid = {23E7E690-8080-49D0-AF65-5D75CFB27978}
	EndGlobalSection
EndGlobal
